
Microsoft Visual Studio Solution File, Format Version 12.00
# Visual Studio Version 17
VisualStudioVersion = 17.0.32126.317
MinimumVisualStudioVersion = 10.0.40219.1
Project("{FAE04EC0-301F-11D3-BF4B-00C04F79EFBC}") = "TimeSheets", "TimeSheets\TimeSheets.csproj", "{5B5D3EC5-3492-48C9-BE0B-2B7D87B193FB}"
	ProjectSection(ProjectDependencies) = postProject
		{7F33DEB5-3076-4C17-B6CC-968EA3C2A377} = {7F33DEB5-3076-4C17-B6CC-968EA3C2A377}
		{53E3BBC8-8589-4414-A7C2-7D23004B137C} = {53E3BBC8-8589-4414-A7C2-7D23004B137C}
	EndProjectSection
EndProject
Project("{FAE04EC0-301F-11D3-BF4B-00C04F79EFBC}") = "DBLibrary", "DBLibrary\DBLibrary.csproj", "{7F33DEB5-3076-4C17-B6CC-968EA3C2A377}"
EndProject
Project("{FAE04EC0-301F-11D3-BF4B-00C04F79EFBC}") = "CoreLogicLibrary", "CoreLogicLibrary\CoreLogicLibrary.csproj", "{53E3BBC8-8589-4414-A7C2-7D23004B137C}"
	ProjectSection(ProjectDependencies) = postProject
		{7F33DEB5-3076-4C17-B6CC-968EA3C2A377} = {7F33DEB5-3076-4C17-B6CC-968EA3C2A377}
	EndProjectSection
EndProject
Global
	GlobalSection(SolutionConfigurationPlatforms) = preSolution
		Debug|Any CPU = Debug|Any CPU
		Release|Any CPU = Release|Any CPU
	EndGlobalSection
	GlobalSection(ProjectConfigurationPlatforms) = postSolution
		{5B5D3EC5-3492-48C9-BE0B-2B7D87B193FB}.Debug|Any CPU.ActiveCfg = Debug|Any CPU
		{5B5D3EC5-3492-48C9-BE0B-2B7D87B193FB}.Debug|Any CPU.Build.0 = Debug|Any CPU
		{5B5D3EC5-3492-48C9-BE0B-2B7D87B193FB}.Release|Any CPU.ActiveCfg = Release|Any CPU
		{5B5D3EC5-3492-48C9-BE0B-2B7D87B193FB}.Release|Any CPU.Build.0 = Release|Any CPU
		{7F33DEB5-3076-4C17-B6CC-968EA3C2A377}.Debug|Any CPU.ActiveCfg = Debug|Any CPU
		{7F33DEB5-3076-4C17-B6CC-968EA3C2A377}.Debug|Any CPU.Build.0 = Debug|Any CPU
		{7F33DEB5-3076-4C17-B6CC-968EA3C2A377}.Release|Any CPU.ActiveCfg = Release|Any CPU
		{7F33DEB5-3076-4C17-B6CC-968EA3C2A377}.Release|Any CPU.Build.0 = Release|Any CPU
		{53E3BBC8-8589-4414-A7C2-7D23004B137C}.Debug|Any CPU.ActiveCfg = Debug|Any CPU
		{53E3BBC8-8589-4414-A7C2-7D23004B137C}.Debug|Any CPU.Build.0 = Debug|Any CPU
		{53E3BBC8-8589-4414-A7C2-7D23004B137C}.Release|Any CPU.ActiveCfg = Release|Any CPU
		{53E3BBC8-8589-4414-A7C2-7D23004B137C}.Release|Any CPU.Build.0 = Release|Any CPU
	EndGlobalSection
	GlobalSection(SolutionProperties) = preSolution
		HideSolutionNode = FALSE
	EndGlobalSection
	GlobalSection(ExtensibilityGlobals) = postSolution
		SolutionGuid = {A439464B-FE97-4774-B46C-5FDFFEE4EF9B}
	EndGlobalSection
EndGlobal
